
Microsoft Visual Studio Solution File, Format Version 12.00
# Visual Studio 15
VisualStudioVersion = 15.0.28010.2046
MinimumVisualStudioVersion = 10.0.40219.1
Project("{9A19103F-16F7-4668-BE54-9A1E7A4F7556}") = "dotnetcore", "dotnetcore.csproj", "{BB89BB08-183D-41CB-80AC-FA23899B10B9}"
EndProject
Global
	GlobalSection(SolutionConfigurationPlatforms) = preSolution
		Debug|Any CPU = Debug|Any CPU
		Release|Any CPU = Release|Any CPU
	EndGlobalSection
	GlobalSection(ProjectConfigurationPlatforms) = postSolution
		{BB89BB08-183D-41CB-80AC-FA23899B10B9}.Debug|Any CPU.ActiveCfg = Debug|Any CPU
		{BB89BB08-183D-41CB-80AC-FA23899B10B9}.Debug|Any CPU.Build.0 = Debug|Any CPU
		{BB89BB08-183D-41CB-80AC-FA23899B10B9}.Release|Any CPU.ActiveCfg = Release|Any CPU
		{BB89BB08-183D-41CB-80AC-FA23899B10B9}.Release|Any CPU.Build.0 = Release|Any CPU
	EndGlobalSection
	GlobalSection(SolutionProperties) = preSolution
		HideSolutionNode = FALSE
	EndGlobalSection
	GlobalSection(ExtensibilityGlobals) = postSolution
		SolutionGuid = {606BD85E-196C-48FB-8944-02697372A924}
	EndGlobalSection
EndGlobal
